
Microsoft Visual Studio Solution File, Format Version 12.00
# Visual Studio Version 16
VisualStudioVersion = 16.0.29613.14
MinimumVisualStudioVersion = 10.0.40219.1
Project("{FAE04EC0-301F-11D3-BF4B-00C04F79EFBC}") = "TVPromo", "TVPromo.csproj", "{13B8E7EE-637C-4E88-BCCF-75DF0AD88E99}"
EndProject
Global
	GlobalSection(SolutionConfigurationPlatforms) = preSolution
		Debug|Any CPU = Debug|Any CPU
		Release|Any CPU = Release|Any CPU
	EndGlobalSection
	GlobalSection(ProjectConfigurationPlatforms) = postSolution
		{13B8E7EE-637C-4E88-BCCF-75DF0AD88E99}.Debug|Any CPU.ActiveCfg = Debug|Any CPU
		{13B8E7EE-637C-4E88-BCCF-75DF0AD88E99}.Debug|Any CPU.Build.0 = Debug|Any CPU
		{13B8E7EE-637C-4E88-BCCF-75DF0AD88E99}.Release|Any CPU.ActiveCfg = Release|Any CPU
		{13B8E7EE-637C-4E88-BCCF-75DF0AD88E99}.Release|Any CPU.Build.0 = Release|Any CPU
	EndGlobalSection
	GlobalSection(SolutionProperties) = preSolution
		HideSolutionNode = FALSE
	EndGlobalSection
	GlobalSection(ExtensibilityGlobals) = postSolution
		SolutionGuid = {FA4D70EB-8AF7-4D18-9E95-35D88B0FD37F}
	EndGlobalSection
EndGlobal
